
Microsoft Visual Studio Solution File, Format Version 12.00
# Visual Studio Version 17
VisualStudioVersion = 17.8.34309.116
MinimumVisualStudioVersion = 10.0.40219.1
Project("{FAE04EC0-301F-11D3-BF4B-00C04F79EFBC}") = "BizDevSearch", "BizDevSearch\BizDevSearch.csproj", "{AD0A7151-563F-4E82-9AF3-E97CE2D44105}"
EndProject
Global
	GlobalSection(SolutionConfigurationPlatforms) = preSolution
		Debug|Any CPU = Debug|Any CPU
		Release|Any CPU = Release|Any CPU
	EndGlobalSection
	GlobalSection(ProjectConfigurationPlatforms) = postSolution
		{AD0A7151-563F-4E82-9AF3-E97CE2D44105}.Debug|Any CPU.ActiveCfg = Debug|Any CPU
		{AD0A7151-563F-4E82-9AF3-E97CE2D44105}.Debug|Any CPU.Build.0 = Debug|Any CPU
		{AD0A7151-563F-4E82-9AF3-E97CE2D44105}.Release|Any CPU.ActiveCfg = Release|Any CPU
		{AD0A7151-563F-4E82-9AF3-E97CE2D44105}.Release|Any CPU.Build.0 = Release|Any CPU
	EndGlobalSection
	GlobalSection(SolutionProperties) = preSolution
		HideSolutionNode = FALSE
	EndGlobalSection
	GlobalSection(ExtensibilityGlobals) = postSolution
		SolutionGuid = {AD8EC3ED-935E-49B7-90C1-B58CFC7FC16B}
	EndGlobalSection
EndGlobal
